
Microsoft Visual Studio Solution File, Format Version 11.00
# Visual C++ Express 2010
Project("{8BC9CEB8-8B4A-11D0-8D11-00A0C91BC942}") = "session_build", "session_build.vcxproj", "{98DA4097-7F25-465B-8B52-0C6A76DB3F21}"
EndProject
Global
	GlobalSection(SolutionConfigurationPlatforms) = preSolution
		Debug|Win32 = Debug|Win32
		Release|Win32 = Release|Win32
	EndGlobalSection
	GlobalSection(ProjectConfigurationPlatforms) = postSolution
		{98DA4097-7F25-465B-8B52-0C6A76DB3F21}.Debug|Win32.ActiveCfg = Debug|Win32
		{98DA4097-7F25-465B-8B52-0C6A76DB3F21}.Debug|Win32.Build.0 = Debug|Win32
		{98DA4097-7F25-465B-8B52-0C6A76DB3F21}.Release|Win32.ActiveCfg = Release|Win32
		{98DA4097-7F25-465B-8B52-0C6A76DB3F21}.Release|Win32.Build.0 = Release|Win32
	EndGlobalSection
	GlobalSection(SolutionProperties) = preSolution
		HideSolutionNode = FALSE
	EndGlobalSection
EndGlobal
